
Microsoft Visual Studio Solution File, Format Version 12.00
# Visual Studio Version 17
VisualStudioVersion = 17.7.34031.279
MinimumVisualStudioVersion = 10.0.40219.1
Project("{888888A0-9F3D-457C-B088-3A5042F75D52}") = "CIS 261 Course Project", "CIS 261 Course Project\CIS 261 Course Project.pyproj", "{49F50289-8916-4C94-AD8A-B7393E6A12D4}"
EndProject
Global
	GlobalSection(SolutionConfigurationPlatforms) = preSolution
		Debug|Any CPU = Debug|Any CPU
		Release|Any CPU = Release|Any CPU
	EndGlobalSection
	GlobalSection(ProjectConfigurationPlatforms) = postSolution
		{49F50289-8916-4C94-AD8A-B7393E6A12D4}.Debug|Any CPU.ActiveCfg = Debug|Any CPU
		{49F50289-8916-4C94-AD8A-B7393E6A12D4}.Release|Any CPU.ActiveCfg = Release|Any CPU
	EndGlobalSection
	GlobalSection(SolutionProperties) = preSolution
		HideSolutionNode = FALSE
	EndGlobalSection
	GlobalSection(ExtensibilityGlobals) = postSolution
		SolutionGuid = {4A5BC659-1C56-4DD4-9749-241FE04B0FFD}
	EndGlobalSection
EndGlobal
